
Microsoft Visual Studio Solution File, Format Version 12.00
# Visual Studio Version 17
VisualStudioVersion = 17.10.34916.146
MinimumVisualStudioVersion = 10.0.40219.1
Project("{9A19103F-16F7-4668-BE54-9A1E7A4F7556}") = "SDL_cs", "SDL_cs.csproj", "{37536557-00A0-4E45-BE13-29ED7C85766D}"
EndProject
Global
	GlobalSection(SolutionConfigurationPlatforms) = preSolution
		Debug|x64 = Debug|x64
		Release|x64 = Release|x64
	EndGlobalSection
	GlobalSection(ProjectConfigurationPlatforms) = postSolution
		{37536557-00A0-4E45-BE13-29ED7C85766D}.Debug|x64.ActiveCfg = Release|x64
		{37536557-00A0-4E45-BE13-29ED7C85766D}.Debug|x64.Build.0 = Release|x64
		{37536557-00A0-4E45-BE13-29ED7C85766D}.Release|x64.ActiveCfg = Release|x64
		{37536557-00A0-4E45-BE13-29ED7C85766D}.Release|x64.Build.0 = Release|x64
	EndGlobalSection
	GlobalSection(SolutionProperties) = preSolution
		HideSolutionNode = FALSE
	EndGlobalSection
	GlobalSection(ExtensibilityGlobals) = postSolution
		SolutionGuid = {815E5508-0619-4D69-9816-FF92EA4D7415}
	EndGlobalSection
EndGlobal
